
Microsoft Visual Studio Solution File, Format Version 12.00
# Visual Studio Version 16
VisualStudioVersion = 16.0.30804.86
MinimumVisualStudioVersion = 10.0.40219.1
Project("{FAE04EC0-301F-11D3-BF4B-00C04F79EFBC}") = "SignalRinLINE", "SignalRinLINE\SignalRinLINE.csproj", "{3FB037AC-BCCE-47C6-BB90-60A22AB559FB}"
EndProject
Global
	GlobalSection(SolutionConfigurationPlatforms) = preSolution
		Debug|Any CPU = Debug|Any CPU
		Release|Any CPU = Release|Any CPU
	EndGlobalSection
	GlobalSection(ProjectConfigurationPlatforms) = postSolution
		{3FB037AC-BCCE-47C6-BB90-60A22AB559FB}.Debug|Any CPU.ActiveCfg = Debug|Any CPU
		{3FB037AC-BCCE-47C6-BB90-60A22AB559FB}.Debug|Any CPU.Build.0 = Debug|Any CPU
		{3FB037AC-BCCE-47C6-BB90-60A22AB559FB}.Release|Any CPU.ActiveCfg = Release|Any CPU
		{3FB037AC-BCCE-47C6-BB90-60A22AB559FB}.Release|Any CPU.Build.0 = Release|Any CPU
	EndGlobalSection
	GlobalSection(SolutionProperties) = preSolution
		HideSolutionNode = FALSE
	EndGlobalSection
	GlobalSection(ExtensibilityGlobals) = postSolution
		SolutionGuid = {0CD4396F-8512-41D9-8F8E-AF9F868F5173}
	EndGlobalSection
EndGlobal
